
Microsoft Visual Studio Solution File, Format Version 12.00
# Visual Studio 15
VisualStudioVersion = 15.0.26730.15
MinimumVisualStudioVersion = 10.0.40219.1
Project("{FAE04EC0-301F-11D3-BF4B-00C04F79EFBC}") = "MultiplierLib", "Multiplier\MultiplierLib.csproj", "{FA36925C-E02F-4ECE-BC34-2868B6775639}"
EndProject
Project("{FAE04EC0-301F-11D3-BF4B-00C04F79EFBC}") = "MultiplierTest", "MultiplierTest\MultiplierTest.csproj", "{563C70AB-DA78-4393-95FD-77CF19AE6FC5}"
EndProject
Project("{FAE04EC0-301F-11D3-BF4B-00C04F79EFBC}") = "StoryTellerTestLib", "StoryTellerTest\StoryTellerTestLib.csproj", "{831C372F-0B92-428D-9FAB-8EDF2EA45C09}"
EndProject
Project("{FAE04EC0-301F-11D3-BF4B-00C04F79EFBC}") = "StoryTellerLib", "StoryTellerLib\StoryTellerLib.csproj", "{684A0536-1388-4EFC-885C-0B34CDBB494E}"
EndProject
Project("{FAE04EC0-301F-11D3-BF4B-00C04F79EFBC}") = "VarukorgTestsLib", "VarukorgTestsLib\VarukorgTestsLib.csproj", "{BB643166-3F6C-4F06-8D40-243CD2C612BF}"
EndProject
Project("{2150E333-8FDC-42A3-9474-1A3956D46DE8}") = "2017-09-18", "2017-09-18", "{78449D54-E89F-49A6-8607-89639EF628FD}"
EndProject
Project("{FAE04EC0-301F-11D3-BF4B-00C04F79EFBC}") = "VarukorgLib", "VarukorgLib\VarukorgLib.csproj", "{3FD68F52-B8DB-471E-904F-19A9DE292CE8}"
EndProject
Project("{FAE04EC0-301F-11D3-BF4B-00C04F79EFBC}") = "StoryTellerWindowsApp", "StoryTellerWindowsApp\StoryTellerWindowsApp.csproj", "{5B437EC8-89EA-4425-BB60-5C8759BEAAA7}"
EndProject
Project("{FAE04EC0-301F-11D3-BF4B-00C04F79EFBC}") = "CircusTestLib", "CircusTestLab\CircusTestLib.csproj", "{2CAAAE69-6A59-4BE0-8AF3-0C9673C32956}"
EndProject
Project("{FAE04EC0-301F-11D3-BF4B-00C04F79EFBC}") = "CirkusLib", "CirkusLib\CirkusLib.csproj", "{F4C9ECCF-993F-4B55-8F67-C28D2C330717}"
EndProject
Global
	GlobalSection(SolutionConfigurationPlatforms) = preSolution
		Debug|Any CPU = Debug|Any CPU
		Release|Any CPU = Release|Any CPU
	EndGlobalSection
	GlobalSection(ProjectConfigurationPlatforms) = postSolution
		{FA36925C-E02F-4ECE-BC34-2868B6775639}.Debug|Any CPU.ActiveCfg = Debug|Any CPU
		{FA36925C-E02F-4ECE-BC34-2868B6775639}.Debug|Any CPU.Build.0 = Debug|Any CPU
		{FA36925C-E02F-4ECE-BC34-2868B6775639}.Release|Any CPU.ActiveCfg = Release|Any CPU
		{FA36925C-E02F-4ECE-BC34-2868B6775639}.Release|Any CPU.Build.0 = Release|Any CPU
		{563C70AB-DA78-4393-95FD-77CF19AE6FC5}.Debug|Any CPU.ActiveCfg = Debug|Any CPU
		{563C70AB-DA78-4393-95FD-77CF19AE6FC5}.Debug|Any CPU.Build.0 = Debug|Any CPU
		{563C70AB-DA78-4393-95FD-77CF19AE6FC5}.Release|Any CPU.ActiveCfg = Release|Any CPU
		{563C70AB-DA78-4393-95FD-77CF19AE6FC5}.Release|Any CPU.Build.0 = Release|Any CPU
		{831C372F-0B92-428D-9FAB-8EDF2EA45C09}.Debug|Any CPU.ActiveCfg = Debug|Any CPU
		{831C372F-0B92-428D-9FAB-8EDF2EA45C09}.Debug|Any CPU.Build.0 = Debug|Any CPU
		{831C372F-0B92-428D-9FAB-8EDF2EA45C09}.Release|Any CPU.ActiveCfg = Release|Any CPU
		{831C372F-0B92-428D-9FAB-8EDF2EA45C09}.Release|Any CPU.Build.0 = Release|Any CPU
		{684A0536-1388-4EFC-885C-0B34CDBB494E}.Debug|Any CPU.ActiveCfg = Debug|Any CPU
		{684A0536-1388-4EFC-885C-0B34CDBB494E}.Debug|Any CPU.Build.0 = Debug|Any CPU
		{684A0536-1388-4EFC-885C-0B34CDBB494E}.Release|Any CPU.ActiveCfg = Release|Any CPU
		{684A0536-1388-4EFC-885C-0B34CDBB494E}.Release|Any CPU.Build.0 = Release|Any CPU
		{BB643166-3F6C-4F06-8D40-243CD2C612BF}.Debug|Any CPU.ActiveCfg = Debug|Any CPU
		{BB643166-3F6C-4F06-8D40-243CD2C612BF}.Debug|Any CPU.Build.0 = Debug|Any CPU
		{BB643166-3F6C-4F06-8D40-243CD2C612BF}.Release|Any CPU.ActiveCfg = Release|Any CPU
		{BB643166-3F6C-4F06-8D40-243CD2C612BF}.Release|Any CPU.Build.0 = Release|Any CPU
		{3FD68F52-B8DB-471E-904F-19A9DE292CE8}.Debug|Any CPU.ActiveCfg = Debug|Any CPU
		{3FD68F52-B8DB-471E-904F-19A9DE292CE8}.Debug|Any CPU.Build.0 = Debug|Any CPU
		{3FD68F52-B8DB-471E-904F-19A9DE292CE8}.Release|Any CPU.ActiveCfg = Release|Any CPU
		{3FD68F52-B8DB-471E-904F-19A9DE292CE8}.Release|Any CPU.Build.0 = Release|Any CPU
		{5B437EC8-89EA-4425-BB60-5C8759BEAAA7}.Debug|Any CPU.ActiveCfg = Debug|Any CPU
		{5B437EC8-89EA-4425-BB60-5C8759BEAAA7}.Debug|Any CPU.Build.0 = Debug|Any CPU
		{5B437EC8-89EA-4425-BB60-5C8759BEAAA7}.Release|Any CPU.ActiveCfg = Release|Any CPU
		{5B437EC8-89EA-4425-BB60-5C8759BEAAA7}.Release|Any CPU.Build.0 = Release|Any CPU
		{2CAAAE69-6A59-4BE0-8AF3-0C9673C32956}.Debug|Any CPU.ActiveCfg = Debug|Any CPU
		{2CAAAE69-6A59-4BE0-8AF3-0C9673C32956}.Debug|Any CPU.Build.0 = Debug|Any CPU
		{2CAAAE69-6A59-4BE0-8AF3-0C9673C32956}.Release|Any CPU.ActiveCfg = Release|Any CPU
		{2CAAAE69-6A59-4BE0-8AF3-0C9673C32956}.Release|Any CPU.Build.0 = Release|Any CPU
		{F4C9ECCF-993F-4B55-8F67-C28D2C330717}.Debug|Any CPU.ActiveCfg = Debug|Any CPU
		{F4C9ECCF-993F-4B55-8F67-C28D2C330717}.Debug|Any CPU.Build.0 = Debug|Any CPU
		{F4C9ECCF-993F-4B55-8F67-C28D2C330717}.Release|Any CPU.ActiveCfg = Release|Any CPU
		{F4C9ECCF-993F-4B55-8F67-C28D2C330717}.Release|Any CPU.Build.0 = Release|Any CPU
	EndGlobalSection
	GlobalSection(SolutionProperties) = preSolution
		HideSolutionNode = FALSE
	EndGlobalSection
	GlobalSection(NestedProjects) = preSolution
		{BB643166-3F6C-4F06-8D40-243CD2C612BF} = {78449D54-E89F-49A6-8607-89639EF628FD}
		{3FD68F52-B8DB-471E-904F-19A9DE292CE8} = {78449D54-E89F-49A6-8607-89639EF628FD}
		{5B437EC8-89EA-4425-BB60-5C8759BEAAA7} = {78449D54-E89F-49A6-8607-89639EF628FD}
		{2CAAAE69-6A59-4BE0-8AF3-0C9673C32956} = {78449D54-E89F-49A6-8607-89639EF628FD}
		{F4C9ECCF-993F-4B55-8F67-C28D2C330717} = {78449D54-E89F-49A6-8607-89639EF628FD}
	EndGlobalSection
	GlobalSection(ExtensibilityGlobals) = postSolution
		SolutionGuid = {76D58D52-2461-4576-B60F-D053AD4C12E4}
	EndGlobalSection
EndGlobal
