
Microsoft Visual Studio Solution File, Format Version 12.00
# Visual Studio 15
VisualStudioVersion = 15.0.26730.12
MinimumVisualStudioVersion = 10.0.40219.1
Project("{FAE04EC0-301F-11D3-BF4B-00C04F79EFBC}") = "MultiplierLib", "Multiplier\MultiplierLib.csproj", "{FA36925C-E02F-4ECE-BC34-2868B6775639}"
EndProject
Project("{FAE04EC0-301F-11D3-BF4B-00C04F79EFBC}") = "MultiplierTest", "MultiplierTest\MultiplierTest.csproj", "{563C70AB-DA78-4393-95FD-77CF19AE6FC5}"
EndProject
Project("{FAE04EC0-301F-11D3-BF4B-00C04F79EFBC}") = "StoryTellerTestLib", "StoryTellerTest\StoryTellerTestLib.csproj", "{831C372F-0B92-428D-9FAB-8EDF2EA45C09}"
EndProject
Project("{FAE04EC0-301F-11D3-BF4B-00C04F79EFBC}") = "StoryTellerLib", "StoryTellerLib\StoryTellerLib.csproj", "{684A0536-1388-4EFC-885C-0B34CDBB494E}"
EndProject
Global
	GlobalSection(SolutionConfigurationPlatforms) = preSolution
		Debug|Any CPU = Debug|Any CPU
		Release|Any CPU = Release|Any CPU
	EndGlobalSection
	GlobalSection(ProjectConfigurationPlatforms) = postSolution
		{FA36925C-E02F-4ECE-BC34-2868B6775639}.Debug|Any CPU.ActiveCfg = Debug|Any CPU
		{FA36925C-E02F-4ECE-BC34-2868B6775639}.Debug|Any CPU.Build.0 = Debug|Any CPU
		{FA36925C-E02F-4ECE-BC34-2868B6775639}.Release|Any CPU.ActiveCfg = Release|Any CPU
		{FA36925C-E02F-4ECE-BC34-2868B6775639}.Release|Any CPU.Build.0 = Release|Any CPU
		{563C70AB-DA78-4393-95FD-77CF19AE6FC5}.Debug|Any CPU.ActiveCfg = Debug|Any CPU
		{563C70AB-DA78-4393-95FD-77CF19AE6FC5}.Debug|Any CPU.Build.0 = Debug|Any CPU
		{563C70AB-DA78-4393-95FD-77CF19AE6FC5}.Release|Any CPU.ActiveCfg = Release|Any CPU
		{563C70AB-DA78-4393-95FD-77CF19AE6FC5}.Release|Any CPU.Build.0 = Release|Any CPU
		{831C372F-0B92-428D-9FAB-8EDF2EA45C09}.Debug|Any CPU.ActiveCfg = Debug|Any CPU
		{831C372F-0B92-428D-9FAB-8EDF2EA45C09}.Debug|Any CPU.Build.0 = Debug|Any CPU
		{831C372F-0B92-428D-9FAB-8EDF2EA45C09}.Release|Any CPU.ActiveCfg = Release|Any CPU
		{831C372F-0B92-428D-9FAB-8EDF2EA45C09}.Release|Any CPU.Build.0 = Release|Any CPU
		{684A0536-1388-4EFC-885C-0B34CDBB494E}.Debug|Any CPU.ActiveCfg = Debug|Any CPU
		{684A0536-1388-4EFC-885C-0B34CDBB494E}.Debug|Any CPU.Build.0 = Debug|Any CPU
		{684A0536-1388-4EFC-885C-0B34CDBB494E}.Release|Any CPU.ActiveCfg = Release|Any CPU
		{684A0536-1388-4EFC-885C-0B34CDBB494E}.Release|Any CPU.Build.0 = Release|Any CPU
	EndGlobalSection
	GlobalSection(SolutionProperties) = preSolution
		HideSolutionNode = FALSE
	EndGlobalSection
	GlobalSection(ExtensibilityGlobals) = postSolution
		SolutionGuid = {76D58D52-2461-4576-B60F-D053AD4C12E4}
	EndGlobalSection
EndGlobal
