
Microsoft Visual Studio Solution File, Format Version 12.00
# Visual Studio 15
VisualStudioVersion = 15.0.27004.2002
MinimumVisualStudioVersion = 10.0.40219.1
Project("{FAE04EC0-301F-11D3-BF4B-00C04F79EFBC}") = "MultiplierLib", "Multiplier\MultiplierLib.csproj", "{FA36925C-E02F-4ECE-BC34-2868B6775639}"
EndProject
Project("{FAE04EC0-301F-11D3-BF4B-00C04F79EFBC}") = "MultiplierTest", "MultiplierTest\MultiplierTest.csproj", "{563C70AB-DA78-4393-95FD-77CF19AE6FC5}"
EndProject
Project("{FAE04EC0-301F-11D3-BF4B-00C04F79EFBC}") = "StoryTellerTestLib", "StoryTellerTest\StoryTellerTestLib.csproj", "{831C372F-0B92-428D-9FAB-8EDF2EA45C09}"
EndProject
Project("{FAE04EC0-301F-11D3-BF4B-00C04F79EFBC}") = "StoryTellerLib", "StoryTellerLib\StoryTellerLib.csproj", "{684A0536-1388-4EFC-885C-0B34CDBB494E}"
EndProject
Project("{FAE04EC0-301F-11D3-BF4B-00C04F79EFBC}") = "VarukorgTestsLib", "VarukorgTestsLib\VarukorgTestsLib.csproj", "{BB643166-3F6C-4F06-8D40-243CD2C612BF}"
EndProject
Project("{2150E333-8FDC-42A3-9474-1A3956D46DE8}") = "2017-09-18", "2017-09-18", "{78449D54-E89F-49A6-8607-89639EF628FD}"
EndProject
Project("{FAE04EC0-301F-11D3-BF4B-00C04F79EFBC}") = "VarukorgLib", "VarukorgLib\VarukorgLib.csproj", "{3FD68F52-B8DB-471E-904F-19A9DE292CE8}"
EndProject
Project("{FAE04EC0-301F-11D3-BF4B-00C04F79EFBC}") = "StoryTellerWindowsApp", "StoryTellerWindowsApp\StoryTellerWindowsApp.csproj", "{5B437EC8-89EA-4425-BB60-5C8759BEAAA7}"
EndProject
Project("{FAE04EC0-301F-11D3-BF4B-00C04F79EFBC}") = "CircusTestLib", "CircusTestLab\CircusTestLib.csproj", "{2CAAAE69-6A59-4BE0-8AF3-0C9673C32956}"
EndProject
Project("{FAE04EC0-301F-11D3-BF4B-00C04F79EFBC}") = "CirkusLib", "CirkusLib\CirkusLib.csproj", "{F4C9ECCF-993F-4B55-8F67-C28D2C330717}"
EndProject
Project("{2150E333-8FDC-42A3-9474-1A3956D46DE8}") = "2017-09-20", "2017-09-20", "{DC8370AA-7FC2-4607-A275-EB4AE38507D4}"
EndProject
Project("{FAE04EC0-301F-11D3-BF4B-00C04F79EFBC}") = "ExamTestLib", "ExamTestLib\ExamTestLib.csproj", "{5262C535-D889-4018-BB2A-DAE1E4A157AD}"
EndProject
Project("{FAE04EC0-301F-11D3-BF4B-00C04F79EFBC}") = "ExamLib", "ExamLib\ExamLib.csproj", "{8136A0E3-4871-4858-858C-D756D1E13BEA}"
EndProject
Project("{FAE04EC0-301F-11D3-BF4B-00C04F79EFBC}") = "ExamWindowsApp", "ExamWindowsApp\ExamWindowsApp.csproj", "{3EE4C348-D1D0-4DF4-88F2-39808B298186}"
EndProject
Project("{2150E333-8FDC-42A3-9474-1A3956D46DE8}") = "GuessNumber", "GuessNumber", "{25D79CCC-C2C0-47E5-AF68-609A611D39D2}"
EndProject
Project("{FAE04EC0-301F-11D3-BF4B-00C04F79EFBC}") = "GuessNumberTestLib", "GuessNumberTestLib\GuessNumberTestLib.csproj", "{8118947B-30BC-4CDE-93C4-492A02AB8B01}"
EndProject
Project("{9A19103F-16F7-4668-BE54-9A1E7A4F7556}") = "GuessNumberLib", "GuessNumberLib\GuessNumberLib.csproj", "{24121113-0610-4CF6-A3A7-C378D695A925}"
EndProject
Project("{FAE04EC0-301F-11D3-BF4B-00C04F79EFBC}") = "GuessNumberGui", "GuessNumberGui\GuessNumberGui.csproj", "{955318F6-B1A8-42A4-B7B8-7A491449CD79}"
EndProject
Project("{2150E333-8FDC-42A3-9474-1A3956D46DE8}") = "Dice", "Dice", "{20BCCA5F-5D12-4DEE-AC62-281BF1029CF6}"
EndProject
Project("{FAE04EC0-301F-11D3-BF4B-00C04F79EFBC}") = "DiceTestLib", "DiceTestLib\DiceTestLib.csproj", "{0554DEF9-D7D8-49B4-B4CF-891B58577885}"
EndProject
Project("{FAE04EC0-301F-11D3-BF4B-00C04F79EFBC}") = "DiceLib", "DiceLib\DiceLib.csproj", "{818D4810-ACC4-43BD-B353-6F9584E8230C}"
EndProject
Project("{2150E333-8FDC-42A3-9474-1A3956D46DE8}") = "Students", "Students", "{87D82482-6FE2-49ED-BEDE-987A62E2A9FE}"
EndProject
Project("{2150E333-8FDC-42A3-9474-1A3956D46DE8}") = "ByggaHus", "ByggaHus", "{5B1FBB58-E005-4972-A221-6D23A191C4AF}"
EndProject
Project("{FAE04EC0-301F-11D3-BF4B-00C04F79EFBC}") = "ByggaHusTest", "ByggaHusTest\ByggaHusTest.csproj", "{DCF19661-7A12-4060-91A4-69DC3B1FF1F4}"
EndProject
Project("{FAE04EC0-301F-11D3-BF4B-00C04F79EFBC}") = "ByggaHusLib", "ByggaHusLib\ByggaHusLib.csproj", "{79E493F5-A284-4446-92DB-CF6B661A800F}"
EndProject
Project("{2150E333-8FDC-42A3-9474-1A3956D46DE8}") = "ConvertToUpperCase", "ConvertToUpperCase", "{F41ED084-09D6-490F-B458-38E0845073EC}"
EndProject
Project("{FAE04EC0-301F-11D3-BF4B-00C04F79EFBC}") = "ConvertToUpperCaseApp", "ConvertToUpperCaseApp\ConvertToUpperCaseApp.csproj", "{65667095-6A3D-4F69-BB20-F8FA6652363F}"
EndProject
Project("{2150E333-8FDC-42A3-9474-1A3956D46DE8}") = "AppendText", "AppendText", "{4892747B-FF4F-4096-8C05-644FD61C5516}"
EndProject
Project("{FAE04EC0-301F-11D3-BF4B-00C04F79EFBC}") = "AppendTexts", "AppendTexts\AppendTexts.csproj", "{BCDBF394-5A6F-44B0-9E64-CF3BBC2AB4B9}"
EndProject
Project("{2150E333-8FDC-42A3-9474-1A3956D46DE8}") = "SlideShow", "SlideShow", "{247F1085-7A40-46D3-A994-B6B7933BA8B9}"
EndProject
Project("{FAE04EC0-301F-11D3-BF4B-00C04F79EFBC}") = "SlideShowApp", "SlideShowApp\SlideShowApp.csproj", "{9C7F67FB-6AB3-47E9-8B9F-D6A08701A909}"
EndProject
Project("{2150E333-8FDC-42A3-9474-1A3956D46DE8}") = "CustomerForm", "CustomerForm", "{5D18BDF3-AFF2-4393-BB46-86B9AD3723C4}"
EndProject
Project("{FAE04EC0-301F-11D3-BF4B-00C04F79EFBC}") = "CustomerFormApp", "CustomerFormApp\CustomerFormApp.csproj", "{C9D4F19E-239A-40F8-ACD3-BB1356CF8E06}"
EndProject
Project("{2150E333-8FDC-42A3-9474-1A3956D46DE8}") = "Salute", "Salute", "{55DE16A2-9BBC-48FC-A88B-48A59554F698}"
EndProject
Project("{FAE04EC0-301F-11D3-BF4B-00C04F79EFBC}") = "SalutdeApp", "SalutdeApp\SalutdeApp.csproj", "{C13B316D-1D0E-4083-8257-9620AB863C19}"
EndProject
Project("{2150E333-8FDC-42A3-9474-1A3956D46DE8}") = "LastNumber", "LastNumber", "{8D20F94E-C5B6-4AAC-93F4-756AAF5B9280}"
EndProject
Project("{FAE04EC0-301F-11D3-BF4B-00C04F79EFBC}") = "LastNumberTestLab", "LastNumberTestLab\LastNumberTestLab.csproj", "{C5EEEF49-7218-41B4-9243-66FC6AD27FAA}"
EndProject
Project("{FAE04EC0-301F-11D3-BF4B-00C04F79EFBC}") = "LastNumberLib", "LastNumberLib\LastNumberLib.csproj", "{B7B335B5-C6EF-4103-9BF3-E2E6A6C726DA}"
EndProject
Project("{2150E333-8FDC-42A3-9474-1A3956D46DE8}") = "RegEx", "RegEx", "{64F13CA6-C570-40F8-857B-AB2E57C805C2}"
EndProject
Project("{FAE04EC0-301F-11D3-BF4B-00C04F79EFBC}") = "ReExTest", "ReExTest\ReExTest.csproj", "{1DDA48A3-0F3A-431D-8088-65C9619D8696}"
EndProject
Project("{2150E333-8FDC-42A3-9474-1A3956D46DE8}") = "Employee", "Employee", "{ACFB0141-604B-4624-86A9-5D9E8BB76A64}"
EndProject
Project("{FAE04EC0-301F-11D3-BF4B-00C04F79EFBC}") = "EmployeeTestLib", "EmployeeTestLib\EmployeeTestLib.csproj", "{B79D4225-98AB-4082-91D1-934B739294B4}"
EndProject
Project("{FAE04EC0-301F-11D3-BF4B-00C04F79EFBC}") = "EmployeeLib", "EmployeeLib\EmployeeLib.csproj", "{6F8E4C65-3925-44D7-817D-39809D1F00DE}"
EndProject
Project("{2150E333-8FDC-42A3-9474-1A3956D46DE8}") = "DriverJournal", "DriverJournal", "{15E7049A-7DF5-4B0F-93B1-1BE6E53E8E2F}"
EndProject
Project("{FAE04EC0-301F-11D3-BF4B-00C04F79EFBC}") = "DriverJournalTests", "DriverJournalTests\DriverJournalTests.csproj", "{177C568E-7199-41FF-B7EB-74F1445F3D43}"
EndProject
Project("{FAE04EC0-301F-11D3-BF4B-00C04F79EFBC}") = "DriverJournalLib", "DriverJournalLib\DriverJournalLib.csproj", "{7A7E0941-2169-40E0-A10B-20B889936A3C}"
EndProject
Global
	GlobalSection(SolutionConfigurationPlatforms) = preSolution
		Debug|Any CPU = Debug|Any CPU
		Release|Any CPU = Release|Any CPU
	EndGlobalSection
	GlobalSection(ProjectConfigurationPlatforms) = postSolution
		{FA36925C-E02F-4ECE-BC34-2868B6775639}.Debug|Any CPU.ActiveCfg = Debug|Any CPU
		{FA36925C-E02F-4ECE-BC34-2868B6775639}.Debug|Any CPU.Build.0 = Debug|Any CPU
		{FA36925C-E02F-4ECE-BC34-2868B6775639}.Release|Any CPU.ActiveCfg = Release|Any CPU
		{FA36925C-E02F-4ECE-BC34-2868B6775639}.Release|Any CPU.Build.0 = Release|Any CPU
		{563C70AB-DA78-4393-95FD-77CF19AE6FC5}.Debug|Any CPU.ActiveCfg = Debug|Any CPU
		{563C70AB-DA78-4393-95FD-77CF19AE6FC5}.Debug|Any CPU.Build.0 = Debug|Any CPU
		{563C70AB-DA78-4393-95FD-77CF19AE6FC5}.Release|Any CPU.ActiveCfg = Release|Any CPU
		{563C70AB-DA78-4393-95FD-77CF19AE6FC5}.Release|Any CPU.Build.0 = Release|Any CPU
		{831C372F-0B92-428D-9FAB-8EDF2EA45C09}.Debug|Any CPU.ActiveCfg = Debug|Any CPU
		{831C372F-0B92-428D-9FAB-8EDF2EA45C09}.Debug|Any CPU.Build.0 = Debug|Any CPU
		{831C372F-0B92-428D-9FAB-8EDF2EA45C09}.Release|Any CPU.ActiveCfg = Release|Any CPU
		{831C372F-0B92-428D-9FAB-8EDF2EA45C09}.Release|Any CPU.Build.0 = Release|Any CPU
		{684A0536-1388-4EFC-885C-0B34CDBB494E}.Debug|Any CPU.ActiveCfg = Debug|Any CPU
		{684A0536-1388-4EFC-885C-0B34CDBB494E}.Debug|Any CPU.Build.0 = Debug|Any CPU
		{684A0536-1388-4EFC-885C-0B34CDBB494E}.Release|Any CPU.ActiveCfg = Release|Any CPU
		{684A0536-1388-4EFC-885C-0B34CDBB494E}.Release|Any CPU.Build.0 = Release|Any CPU
		{BB643166-3F6C-4F06-8D40-243CD2C612BF}.Debug|Any CPU.ActiveCfg = Debug|Any CPU
		{BB643166-3F6C-4F06-8D40-243CD2C612BF}.Debug|Any CPU.Build.0 = Debug|Any CPU
		{BB643166-3F6C-4F06-8D40-243CD2C612BF}.Release|Any CPU.ActiveCfg = Release|Any CPU
		{BB643166-3F6C-4F06-8D40-243CD2C612BF}.Release|Any CPU.Build.0 = Release|Any CPU
		{3FD68F52-B8DB-471E-904F-19A9DE292CE8}.Debug|Any CPU.ActiveCfg = Debug|Any CPU
		{3FD68F52-B8DB-471E-904F-19A9DE292CE8}.Debug|Any CPU.Build.0 = Debug|Any CPU
		{3FD68F52-B8DB-471E-904F-19A9DE292CE8}.Release|Any CPU.ActiveCfg = Release|Any CPU
		{3FD68F52-B8DB-471E-904F-19A9DE292CE8}.Release|Any CPU.Build.0 = Release|Any CPU
		{5B437EC8-89EA-4425-BB60-5C8759BEAAA7}.Debug|Any CPU.ActiveCfg = Debug|Any CPU
		{5B437EC8-89EA-4425-BB60-5C8759BEAAA7}.Debug|Any CPU.Build.0 = Debug|Any CPU
		{5B437EC8-89EA-4425-BB60-5C8759BEAAA7}.Release|Any CPU.ActiveCfg = Release|Any CPU
		{5B437EC8-89EA-4425-BB60-5C8759BEAAA7}.Release|Any CPU.Build.0 = Release|Any CPU
		{2CAAAE69-6A59-4BE0-8AF3-0C9673C32956}.Debug|Any CPU.ActiveCfg = Debug|Any CPU
		{2CAAAE69-6A59-4BE0-8AF3-0C9673C32956}.Debug|Any CPU.Build.0 = Debug|Any CPU
		{2CAAAE69-6A59-4BE0-8AF3-0C9673C32956}.Release|Any CPU.ActiveCfg = Release|Any CPU
		{2CAAAE69-6A59-4BE0-8AF3-0C9673C32956}.Release|Any CPU.Build.0 = Release|Any CPU
		{F4C9ECCF-993F-4B55-8F67-C28D2C330717}.Debug|Any CPU.ActiveCfg = Debug|Any CPU
		{F4C9ECCF-993F-4B55-8F67-C28D2C330717}.Debug|Any CPU.Build.0 = Debug|Any CPU
		{F4C9ECCF-993F-4B55-8F67-C28D2C330717}.Release|Any CPU.ActiveCfg = Release|Any CPU
		{F4C9ECCF-993F-4B55-8F67-C28D2C330717}.Release|Any CPU.Build.0 = Release|Any CPU
		{5262C535-D889-4018-BB2A-DAE1E4A157AD}.Debug|Any CPU.ActiveCfg = Debug|Any CPU
		{5262C535-D889-4018-BB2A-DAE1E4A157AD}.Debug|Any CPU.Build.0 = Debug|Any CPU
		{5262C535-D889-4018-BB2A-DAE1E4A157AD}.Release|Any CPU.ActiveCfg = Release|Any CPU
		{5262C535-D889-4018-BB2A-DAE1E4A157AD}.Release|Any CPU.Build.0 = Release|Any CPU
		{8136A0E3-4871-4858-858C-D756D1E13BEA}.Debug|Any CPU.ActiveCfg = Debug|Any CPU
		{8136A0E3-4871-4858-858C-D756D1E13BEA}.Debug|Any CPU.Build.0 = Debug|Any CPU
		{8136A0E3-4871-4858-858C-D756D1E13BEA}.Release|Any CPU.ActiveCfg = Release|Any CPU
		{8136A0E3-4871-4858-858C-D756D1E13BEA}.Release|Any CPU.Build.0 = Release|Any CPU
		{3EE4C348-D1D0-4DF4-88F2-39808B298186}.Debug|Any CPU.ActiveCfg = Debug|Any CPU
		{3EE4C348-D1D0-4DF4-88F2-39808B298186}.Debug|Any CPU.Build.0 = Debug|Any CPU
		{3EE4C348-D1D0-4DF4-88F2-39808B298186}.Release|Any CPU.ActiveCfg = Release|Any CPU
		{3EE4C348-D1D0-4DF4-88F2-39808B298186}.Release|Any CPU.Build.0 = Release|Any CPU
		{8118947B-30BC-4CDE-93C4-492A02AB8B01}.Debug|Any CPU.ActiveCfg = Debug|Any CPU
		{8118947B-30BC-4CDE-93C4-492A02AB8B01}.Debug|Any CPU.Build.0 = Debug|Any CPU
		{8118947B-30BC-4CDE-93C4-492A02AB8B01}.Release|Any CPU.ActiveCfg = Release|Any CPU
		{8118947B-30BC-4CDE-93C4-492A02AB8B01}.Release|Any CPU.Build.0 = Release|Any CPU
		{24121113-0610-4CF6-A3A7-C378D695A925}.Debug|Any CPU.ActiveCfg = Debug|Any CPU
		{24121113-0610-4CF6-A3A7-C378D695A925}.Debug|Any CPU.Build.0 = Debug|Any CPU
		{24121113-0610-4CF6-A3A7-C378D695A925}.Release|Any CPU.ActiveCfg = Release|Any CPU
		{24121113-0610-4CF6-A3A7-C378D695A925}.Release|Any CPU.Build.0 = Release|Any CPU
		{955318F6-B1A8-42A4-B7B8-7A491449CD79}.Debug|Any CPU.ActiveCfg = Debug|Any CPU
		{955318F6-B1A8-42A4-B7B8-7A491449CD79}.Debug|Any CPU.Build.0 = Debug|Any CPU
		{955318F6-B1A8-42A4-B7B8-7A491449CD79}.Release|Any CPU.ActiveCfg = Release|Any CPU
		{955318F6-B1A8-42A4-B7B8-7A491449CD79}.Release|Any CPU.Build.0 = Release|Any CPU
		{0554DEF9-D7D8-49B4-B4CF-891B58577885}.Debug|Any CPU.ActiveCfg = Debug|Any CPU
		{0554DEF9-D7D8-49B4-B4CF-891B58577885}.Debug|Any CPU.Build.0 = Debug|Any CPU
		{0554DEF9-D7D8-49B4-B4CF-891B58577885}.Release|Any CPU.ActiveCfg = Release|Any CPU
		{0554DEF9-D7D8-49B4-B4CF-891B58577885}.Release|Any CPU.Build.0 = Release|Any CPU
		{818D4810-ACC4-43BD-B353-6F9584E8230C}.Debug|Any CPU.ActiveCfg = Debug|Any CPU
		{818D4810-ACC4-43BD-B353-6F9584E8230C}.Debug|Any CPU.Build.0 = Debug|Any CPU
		{818D4810-ACC4-43BD-B353-6F9584E8230C}.Release|Any CPU.ActiveCfg = Release|Any CPU
		{818D4810-ACC4-43BD-B353-6F9584E8230C}.Release|Any CPU.Build.0 = Release|Any CPU
		{DCF19661-7A12-4060-91A4-69DC3B1FF1F4}.Debug|Any CPU.ActiveCfg = Debug|Any CPU
		{DCF19661-7A12-4060-91A4-69DC3B1FF1F4}.Debug|Any CPU.Build.0 = Debug|Any CPU
		{DCF19661-7A12-4060-91A4-69DC3B1FF1F4}.Release|Any CPU.ActiveCfg = Release|Any CPU
		{DCF19661-7A12-4060-91A4-69DC3B1FF1F4}.Release|Any CPU.Build.0 = Release|Any CPU
		{79E493F5-A284-4446-92DB-CF6B661A800F}.Debug|Any CPU.ActiveCfg = Debug|Any CPU
		{79E493F5-A284-4446-92DB-CF6B661A800F}.Debug|Any CPU.Build.0 = Debug|Any CPU
		{79E493F5-A284-4446-92DB-CF6B661A800F}.Release|Any CPU.ActiveCfg = Release|Any CPU
		{79E493F5-A284-4446-92DB-CF6B661A800F}.Release|Any CPU.Build.0 = Release|Any CPU
		{65667095-6A3D-4F69-BB20-F8FA6652363F}.Debug|Any CPU.ActiveCfg = Debug|Any CPU
		{65667095-6A3D-4F69-BB20-F8FA6652363F}.Debug|Any CPU.Build.0 = Debug|Any CPU
		{65667095-6A3D-4F69-BB20-F8FA6652363F}.Release|Any CPU.ActiveCfg = Release|Any CPU
		{65667095-6A3D-4F69-BB20-F8FA6652363F}.Release|Any CPU.Build.0 = Release|Any CPU
		{BCDBF394-5A6F-44B0-9E64-CF3BBC2AB4B9}.Debug|Any CPU.ActiveCfg = Debug|Any CPU
		{BCDBF394-5A6F-44B0-9E64-CF3BBC2AB4B9}.Debug|Any CPU.Build.0 = Debug|Any CPU
		{BCDBF394-5A6F-44B0-9E64-CF3BBC2AB4B9}.Release|Any CPU.ActiveCfg = Release|Any CPU
		{BCDBF394-5A6F-44B0-9E64-CF3BBC2AB4B9}.Release|Any CPU.Build.0 = Release|Any CPU
		{9C7F67FB-6AB3-47E9-8B9F-D6A08701A909}.Debug|Any CPU.ActiveCfg = Debug|Any CPU
		{9C7F67FB-6AB3-47E9-8B9F-D6A08701A909}.Debug|Any CPU.Build.0 = Debug|Any CPU
		{9C7F67FB-6AB3-47E9-8B9F-D6A08701A909}.Release|Any CPU.ActiveCfg = Release|Any CPU
		{9C7F67FB-6AB3-47E9-8B9F-D6A08701A909}.Release|Any CPU.Build.0 = Release|Any CPU
		{C9D4F19E-239A-40F8-ACD3-BB1356CF8E06}.Debug|Any CPU.ActiveCfg = Debug|Any CPU
		{C9D4F19E-239A-40F8-ACD3-BB1356CF8E06}.Debug|Any CPU.Build.0 = Debug|Any CPU
		{C9D4F19E-239A-40F8-ACD3-BB1356CF8E06}.Release|Any CPU.ActiveCfg = Release|Any CPU
		{C9D4F19E-239A-40F8-ACD3-BB1356CF8E06}.Release|Any CPU.Build.0 = Release|Any CPU
		{C13B316D-1D0E-4083-8257-9620AB863C19}.Debug|Any CPU.ActiveCfg = Debug|Any CPU
		{C13B316D-1D0E-4083-8257-9620AB863C19}.Debug|Any CPU.Build.0 = Debug|Any CPU
		{C13B316D-1D0E-4083-8257-9620AB863C19}.Release|Any CPU.ActiveCfg = Release|Any CPU
		{C13B316D-1D0E-4083-8257-9620AB863C19}.Release|Any CPU.Build.0 = Release|Any CPU
		{C5EEEF49-7218-41B4-9243-66FC6AD27FAA}.Debug|Any CPU.ActiveCfg = Debug|Any CPU
		{C5EEEF49-7218-41B4-9243-66FC6AD27FAA}.Debug|Any CPU.Build.0 = Debug|Any CPU
		{C5EEEF49-7218-41B4-9243-66FC6AD27FAA}.Release|Any CPU.ActiveCfg = Release|Any CPU
		{C5EEEF49-7218-41B4-9243-66FC6AD27FAA}.Release|Any CPU.Build.0 = Release|Any CPU
		{B7B335B5-C6EF-4103-9BF3-E2E6A6C726DA}.Debug|Any CPU.ActiveCfg = Debug|Any CPU
		{B7B335B5-C6EF-4103-9BF3-E2E6A6C726DA}.Debug|Any CPU.Build.0 = Debug|Any CPU
		{B7B335B5-C6EF-4103-9BF3-E2E6A6C726DA}.Release|Any CPU.ActiveCfg = Release|Any CPU
		{B7B335B5-C6EF-4103-9BF3-E2E6A6C726DA}.Release|Any CPU.Build.0 = Release|Any CPU
		{1DDA48A3-0F3A-431D-8088-65C9619D8696}.Debug|Any CPU.ActiveCfg = Debug|Any CPU
		{1DDA48A3-0F3A-431D-8088-65C9619D8696}.Debug|Any CPU.Build.0 = Debug|Any CPU
		{1DDA48A3-0F3A-431D-8088-65C9619D8696}.Release|Any CPU.ActiveCfg = Release|Any CPU
		{1DDA48A3-0F3A-431D-8088-65C9619D8696}.Release|Any CPU.Build.0 = Release|Any CPU
		{B79D4225-98AB-4082-91D1-934B739294B4}.Debug|Any CPU.ActiveCfg = Debug|Any CPU
		{B79D4225-98AB-4082-91D1-934B739294B4}.Debug|Any CPU.Build.0 = Debug|Any CPU
		{B79D4225-98AB-4082-91D1-934B739294B4}.Release|Any CPU.ActiveCfg = Release|Any CPU
		{B79D4225-98AB-4082-91D1-934B739294B4}.Release|Any CPU.Build.0 = Release|Any CPU
		{6F8E4C65-3925-44D7-817D-39809D1F00DE}.Debug|Any CPU.ActiveCfg = Debug|Any CPU
		{6F8E4C65-3925-44D7-817D-39809D1F00DE}.Debug|Any CPU.Build.0 = Debug|Any CPU
		{6F8E4C65-3925-44D7-817D-39809D1F00DE}.Release|Any CPU.ActiveCfg = Release|Any CPU
		{6F8E4C65-3925-44D7-817D-39809D1F00DE}.Release|Any CPU.Build.0 = Release|Any CPU
		{177C568E-7199-41FF-B7EB-74F1445F3D43}.Debug|Any CPU.ActiveCfg = Debug|Any CPU
		{177C568E-7199-41FF-B7EB-74F1445F3D43}.Debug|Any CPU.Build.0 = Debug|Any CPU
		{177C568E-7199-41FF-B7EB-74F1445F3D43}.Release|Any CPU.ActiveCfg = Release|Any CPU
		{177C568E-7199-41FF-B7EB-74F1445F3D43}.Release|Any CPU.Build.0 = Release|Any CPU
		{7A7E0941-2169-40E0-A10B-20B889936A3C}.Debug|Any CPU.ActiveCfg = Debug|Any CPU
		{7A7E0941-2169-40E0-A10B-20B889936A3C}.Debug|Any CPU.Build.0 = Debug|Any CPU
		{7A7E0941-2169-40E0-A10B-20B889936A3C}.Release|Any CPU.ActiveCfg = Release|Any CPU
		{7A7E0941-2169-40E0-A10B-20B889936A3C}.Release|Any CPU.Build.0 = Release|Any CPU
	EndGlobalSection
	GlobalSection(SolutionProperties) = preSolution
		HideSolutionNode = FALSE
	EndGlobalSection
	GlobalSection(NestedProjects) = preSolution
		{BB643166-3F6C-4F06-8D40-243CD2C612BF} = {78449D54-E89F-49A6-8607-89639EF628FD}
		{3FD68F52-B8DB-471E-904F-19A9DE292CE8} = {78449D54-E89F-49A6-8607-89639EF628FD}
		{5B437EC8-89EA-4425-BB60-5C8759BEAAA7} = {78449D54-E89F-49A6-8607-89639EF628FD}
		{2CAAAE69-6A59-4BE0-8AF3-0C9673C32956} = {78449D54-E89F-49A6-8607-89639EF628FD}
		{F4C9ECCF-993F-4B55-8F67-C28D2C330717} = {78449D54-E89F-49A6-8607-89639EF628FD}
		{5262C535-D889-4018-BB2A-DAE1E4A157AD} = {DC8370AA-7FC2-4607-A275-EB4AE38507D4}
		{8136A0E3-4871-4858-858C-D756D1E13BEA} = {DC8370AA-7FC2-4607-A275-EB4AE38507D4}
		{3EE4C348-D1D0-4DF4-88F2-39808B298186} = {DC8370AA-7FC2-4607-A275-EB4AE38507D4}
		{8118947B-30BC-4CDE-93C4-492A02AB8B01} = {25D79CCC-C2C0-47E5-AF68-609A611D39D2}
		{24121113-0610-4CF6-A3A7-C378D695A925} = {25D79CCC-C2C0-47E5-AF68-609A611D39D2}
		{955318F6-B1A8-42A4-B7B8-7A491449CD79} = {25D79CCC-C2C0-47E5-AF68-609A611D39D2}
		{0554DEF9-D7D8-49B4-B4CF-891B58577885} = {20BCCA5F-5D12-4DEE-AC62-281BF1029CF6}
		{818D4810-ACC4-43BD-B353-6F9584E8230C} = {20BCCA5F-5D12-4DEE-AC62-281BF1029CF6}
		{DCF19661-7A12-4060-91A4-69DC3B1FF1F4} = {5B1FBB58-E005-4972-A221-6D23A191C4AF}
		{79E493F5-A284-4446-92DB-CF6B661A800F} = {5B1FBB58-E005-4972-A221-6D23A191C4AF}
		{65667095-6A3D-4F69-BB20-F8FA6652363F} = {F41ED084-09D6-490F-B458-38E0845073EC}
		{BCDBF394-5A6F-44B0-9E64-CF3BBC2AB4B9} = {4892747B-FF4F-4096-8C05-644FD61C5516}
		{9C7F67FB-6AB3-47E9-8B9F-D6A08701A909} = {247F1085-7A40-46D3-A994-B6B7933BA8B9}
		{C9D4F19E-239A-40F8-ACD3-BB1356CF8E06} = {5D18BDF3-AFF2-4393-BB46-86B9AD3723C4}
		{C13B316D-1D0E-4083-8257-9620AB863C19} = {55DE16A2-9BBC-48FC-A88B-48A59554F698}
		{C5EEEF49-7218-41B4-9243-66FC6AD27FAA} = {8D20F94E-C5B6-4AAC-93F4-756AAF5B9280}
		{B7B335B5-C6EF-4103-9BF3-E2E6A6C726DA} = {8D20F94E-C5B6-4AAC-93F4-756AAF5B9280}
		{1DDA48A3-0F3A-431D-8088-65C9619D8696} = {64F13CA6-C570-40F8-857B-AB2E57C805C2}
		{B79D4225-98AB-4082-91D1-934B739294B4} = {ACFB0141-604B-4624-86A9-5D9E8BB76A64}
		{6F8E4C65-3925-44D7-817D-39809D1F00DE} = {ACFB0141-604B-4624-86A9-5D9E8BB76A64}
		{177C568E-7199-41FF-B7EB-74F1445F3D43} = {15E7049A-7DF5-4B0F-93B1-1BE6E53E8E2F}
		{7A7E0941-2169-40E0-A10B-20B889936A3C} = {15E7049A-7DF5-4B0F-93B1-1BE6E53E8E2F}
	EndGlobalSection
	GlobalSection(ExtensibilityGlobals) = postSolution
		SolutionGuid = {76D58D52-2461-4576-B60F-D053AD4C12E4}
	EndGlobalSection
EndGlobal
